
Microsoft Visual Studio Solution File, Format Version 12.00
# Visual Studio 15
VisualStudioVersion = 15.0.26730.3
MinimumVisualStudioVersion = 10.0.40219.1
Project("{FAE04EC0-301F-11D3-BF4B-00C04F79EFBC}") = "SwitchCoverageAnalyzer", "SwitchCoverageAnalyzer\SwitchCoverageAnalyzer\SwitchCoverageAnalyzer.csproj", "{8F7ADEE3-0A58-4366-9345-3ECCA0ECC4DF}"
EndProject
Project("{FAE04EC0-301F-11D3-BF4B-00C04F79EFBC}") = "SwitchCoverageAnalyzer.Test", "SwitchCoverageAnalyzer\SwitchCoverageAnalyzer.Test\SwitchCoverageAnalyzer.Test.csproj", "{3DC48C63-EC0B-46E2-9C23-8F2459A1C106}"
EndProject
Project("{FAE04EC0-301F-11D3-BF4B-00C04F79EFBC}") = "SwitchCoverageAnalyzer.Vsix", "SwitchCoverageAnalyzer\SwitchCoverageAnalyzer.Vsix\SwitchCoverageAnalyzer.Vsix.csproj", "{5687077A-AE8F-4939-A2DE-1BABF61FE8A7}"
EndProject
Global
	GlobalSection(SolutionConfigurationPlatforms) = preSolution
		Debug|Any CPU = Debug|Any CPU
		Release|Any CPU = Release|Any CPU
	EndGlobalSection
	GlobalSection(ProjectConfigurationPlatforms) = postSolution
		{8F7ADEE3-0A58-4366-9345-3ECCA0ECC4DF}.Debug|Any CPU.ActiveCfg = Debug|Any CPU
		{8F7ADEE3-0A58-4366-9345-3ECCA0ECC4DF}.Debug|Any CPU.Build.0 = Debug|Any CPU
		{8F7ADEE3-0A58-4366-9345-3ECCA0ECC4DF}.Release|Any CPU.ActiveCfg = Release|Any CPU
		{8F7ADEE3-0A58-4366-9345-3ECCA0ECC4DF}.Release|Any CPU.Build.0 = Release|Any CPU
		{3DC48C63-EC0B-46E2-9C23-8F2459A1C106}.Debug|Any CPU.ActiveCfg = Debug|Any CPU
		{3DC48C63-EC0B-46E2-9C23-8F2459A1C106}.Debug|Any CPU.Build.0 = Debug|Any CPU
		{3DC48C63-EC0B-46E2-9C23-8F2459A1C106}.Release|Any CPU.ActiveCfg = Release|Any CPU
		{3DC48C63-EC0B-46E2-9C23-8F2459A1C106}.Release|Any CPU.Build.0 = Release|Any CPU
		{5687077A-AE8F-4939-A2DE-1BABF61FE8A7}.Debug|Any CPU.ActiveCfg = Debug|Any CPU
		{5687077A-AE8F-4939-A2DE-1BABF61FE8A7}.Debug|Any CPU.Build.0 = Debug|Any CPU
		{5687077A-AE8F-4939-A2DE-1BABF61FE8A7}.Release|Any CPU.ActiveCfg = Release|Any CPU
		{5687077A-AE8F-4939-A2DE-1BABF61FE8A7}.Release|Any CPU.Build.0 = Release|Any CPU
	EndGlobalSection
	GlobalSection(SolutionProperties) = preSolution
		HideSolutionNode = FALSE
	EndGlobalSection
	GlobalSection(ExtensibilityGlobals) = postSolution
		SolutionGuid = {BB53949E-0937-4198-A659-D22676EE62FB}
	EndGlobalSection
EndGlobal
